{
  "name": "js-task",
  "version": "1.0.0",
  "lockfileVersion": 3,
  "requires": true,
  "packages": {
    "": {
      "name": "js-task",
      "version": "1.0.0",
      "license": "ISC",
      "dependencies": {
        "js-task": "file:"
      }
    },
    "node_modules/js-task": {
      "resolved": "",
      "link": true
    }
  }
}
